
Microsoft Visual Studio Solution File, Format Version 12.00
Project("{FAE04EC0-301F-11D3-BF4B-00C04F79EFBC}") = "SimplexLib", "SimplexLib\SimplexLib.csproj", "{B1B3C90B-E613-4108-A5F4-E6D0DB273406}"
EndProject
Project("{FAE04EC0-301F-11D3-BF4B-00C04F79EFBC}") = "ConsoleSimplex", "ConsoleSimplex\ConsoleSimplex.csproj", "{F2F82815-F406-49F1-8AD9-20906907A346}"
EndProject
Global
	GlobalSection(SolutionConfigurationPlatforms) = preSolution
		Debug|Any CPU = Debug|Any CPU
		Release|Any CPU = Release|Any CPU
	EndGlobalSection
	GlobalSection(ProjectConfigurationPlatforms) = postSolution
		{B1B3C90B-E613-4108-A5F4-E6D0DB273406}.Debug|Any CPU.ActiveCfg = Debug|Any CPU
		{B1B3C90B-E613-4108-A5F4-E6D0DB273406}.Debug|Any CPU.Build.0 = Debug|Any CPU
		{B1B3C90B-E613-4108-A5F4-E6D0DB273406}.Release|Any CPU.ActiveCfg = Release|Any CPU
		{B1B3C90B-E613-4108-A5F4-E6D0DB273406}.Release|Any CPU.Build.0 = Release|Any CPU
		{F2F82815-F406-49F1-8AD9-20906907A346}.Debug|Any CPU.ActiveCfg = Debug|Any CPU
		{F2F82815-F406-49F1-8AD9-20906907A346}.Debug|Any CPU.Build.0 = Debug|Any CPU
		{F2F82815-F406-49F1-8AD9-20906907A346}.Release|Any CPU.ActiveCfg = Release|Any CPU
		{F2F82815-F406-49F1-8AD9-20906907A346}.Release|Any CPU.Build.0 = Release|Any CPU
	EndGlobalSection
EndGlobal
